
Microsoft Visual Studio Solution File, Format Version 12.00
# Visual Studio 15
VisualStudioVersion = 15.0.27703.2035
MinimumVisualStudioVersion = 10.0.40219.1
Project("{FAE04EC0-301F-11D3-BF4B-00C04F79EFBC}") = "UwpSample", "UwpSample\UwpSample.csproj", "{F4021013-870E-43B2-BF76-A99FB57DCABC}"
EndProject
Global
	GlobalSection(SolutionConfigurationPlatforms) = preSolution
		Debug|ARM = Debug|ARM
		Debug|x64 = Debug|x64
		Debug|x86 = Debug|x86
		Release|ARM = Release|ARM
		Release|x64 = Release|x64
		Release|x86 = Release|x86
	EndGlobalSection
	GlobalSection(ProjectConfigurationPlatforms) = postSolution
		{F4021013-870E-43B2-BF76-A99FB57DCABC}.Debug|ARM.ActiveCfg = Debug|ARM
		{F4021013-870E-43B2-BF76-A99FB57DCABC}.Debug|ARM.Build.0 = Debug|ARM
		{F4021013-870E-43B2-BF76-A99FB57DCABC}.Debug|ARM.Deploy.0 = Debug|ARM
		{F4021013-870E-43B2-BF76-A99FB57DCABC}.Debug|x64.ActiveCfg = Debug|x64
		{F4021013-870E-43B2-BF76-A99FB57DCABC}.Debug|x64.Build.0 = Debug|x64
		{F4021013-870E-43B2-BF76-A99FB57DCABC}.Debug|x64.Deploy.0 = Debug|x64
		{F4021013-870E-43B2-BF76-A99FB57DCABC}.Debug|x86.ActiveCfg = Debug|x86
		{F4021013-870E-43B2-BF76-A99FB57DCABC}.Debug|x86.Build.0 = Debug|x86
		{F4021013-870E-43B2-BF76-A99FB57DCABC}.Debug|x86.Deploy.0 = Debug|x86
		{F4021013-870E-43B2-BF76-A99FB57DCABC}.Release|ARM.ActiveCfg = Release|ARM
		{F4021013-870E-43B2-BF76-A99FB57DCABC}.Release|ARM.Build.0 = Release|ARM
		{F4021013-870E-43B2-BF76-A99FB57DCABC}.Release|ARM.Deploy.0 = Release|ARM
		{F4021013-870E-43B2-BF76-A99FB57DCABC}.Release|x64.ActiveCfg = Release|x64
		{F4021013-870E-43B2-BF76-A99FB57DCABC}.Release|x64.Build.0 = Release|x64
		{F4021013-870E-43B2-BF76-A99FB57DCABC}.Release|x64.Deploy.0 = Release|x64
		{F4021013-870E-43B2-BF76-A99FB57DCABC}.Release|x86.ActiveCfg = Release|x86
		{F4021013-870E-43B2-BF76-A99FB57DCABC}.Release|x86.Build.0 = Release|x86
		{F4021013-870E-43B2-BF76-A99FB57DCABC}.Release|x86.Deploy.0 = Release|x86
	EndGlobalSection
	GlobalSection(SolutionProperties) = preSolution
		HideSolutionNode = FALSE
	EndGlobalSection
	GlobalSection(ExtensibilityGlobals) = postSolution
		SolutionGuid = {C65C550F-BD5A-446C-B3CE-918960CCFF58}
	EndGlobalSection
EndGlobal
